
Microsoft Visual Studio Solution File, Format Version 12.00
# Visual Studio Version 17
VisualStudioVersion = 17.14.36811.4 d17.14
MinimumVisualStudioVersion = 10.0.40219.1
Project("{FAE04EC0-301F-11D3-BF4B-00C04F79EFBC}") = "tryGithub", "tryGithub\tryGithub.csproj", "{2EABF249-763A-4A5A-AF1C-35C1644295DC}"
EndProject
Global
	GlobalSection(SolutionConfigurationPlatforms) = preSolution
		Debug|Any CPU = Debug|Any CPU
		Release|Any CPU = Release|Any CPU
	EndGlobalSection
	GlobalSection(ProjectConfigurationPlatforms) = postSolution
		{2EABF249-763A-4A5A-AF1C-35C1644295DC}.Debug|Any CPU.ActiveCfg = Debug|Any CPU
		{2EABF249-763A-4A5A-AF1C-35C1644295DC}.Debug|Any CPU.Build.0 = Debug|Any CPU
		{2EABF249-763A-4A5A-AF1C-35C1644295DC}.Release|Any CPU.ActiveCfg = Release|Any CPU
		{2EABF249-763A-4A5A-AF1C-35C1644295DC}.Release|Any CPU.Build.0 = Release|Any CPU
	EndGlobalSection
	GlobalSection(SolutionProperties) = preSolution
		HideSolutionNode = FALSE
	EndGlobalSection
	GlobalSection(ExtensibilityGlobals) = postSolution
		SolutionGuid = {26D23C99-D91A-4F94-9BE0-4C7A44BC5947}
	EndGlobalSection
EndGlobal
